
Microsoft Visual Studio Solution File, Format Version 12.00
# Visual Studio 15
VisualStudioVersion = 15.0.27130.2020
MinimumVisualStudioVersion = 10.0.40219.1
Project("{2150E333-8FDC-42A3-9474-1A3956D46DE8}") = "1 - Modeling and Design", "1 - Modeling and Design", "{C12ABFD4-3726-4CDA-8DBF-8847882C8D2F}"
EndProject
Project("{2150E333-8FDC-42A3-9474-1A3956D46DE8}") = "2 - Layers", "2 - Layers", "{DEF42931-D16E-4763-8CE3-DA9D2647BDBE}"
EndProject
Project("{2150E333-8FDC-42A3-9474-1A3956D46DE8}") = "1.1. Presentacion", "1.1. Presentacion", "{7C6FC9A3-3AC6-4587-BC6B-31749E2AF3D2}"
EndProject
Project("{2150E333-8FDC-42A3-9474-1A3956D46DE8}") = "1.2. Distributed Services", "1.2. Distributed Services", "{76ED648C-3E93-433C-8377-708D35329AC2}"
EndProject
Project("{2150E333-8FDC-42A3-9474-1A3956D46DE8}") = "1.3. Application", "1.3. Application", "{27F7F682-A529-42A9-AB81-FC814D02021C}"
EndProject
Project("{2150E333-8FDC-42A3-9474-1A3956D46DE8}") = "1.4. Domain", "1.4. Domain", "{D719AA29-DADF-4072-992C-0D859D165E10}"
EndProject
Project("{2150E333-8FDC-42A3-9474-1A3956D46DE8}") = "1.5. Data Infrastructure", "1.5. Data Infrastructure", "{13399174-3F1C-4821-AE4D-76BB36BD3CB5}"
EndProject
Project("{2150E333-8FDC-42A3-9474-1A3956D46DE8}") = "1.6. Cross Cutting", "1.6. Cross Cutting", "{787F9B6D-38F5-40DE-9A75-E706B62E7544}"
EndProject
Project("{FAE04EC0-301F-11D3-BF4B-00C04F79EFBC}") = "1.6.3.CrossCutting.Helper", "1.6.3 CrossCutting.Helper\1.6.3.CrossCutting.Helper.csproj", "{42D68F6A-0A73-4861-99DC-5EA4C742DC00}"
EndProject
Project("{FAE04EC0-301F-11D3-BF4B-00C04F79EFBC}") = "1.6.1.CrossCutting.Enumerations", "1.6.1 CrossCutting.Enumerations\1.6.1.CrossCutting.Enumerations.csproj", "{930943D2-C164-45E5-A3E7-E96B488AD9E8}"
EndProject
Project("{FAE04EC0-301F-11D3-BF4B-00C04F79EFBC}") = "1.5.1.Infrastructure.Core", "1.5.1 Infrastructure.Core\1.5.1.Infrastructure.Core.csproj", "{BBE0857E-9BBD-4F85-92EA-4492583CC098}"
EndProject
Project("{FAE04EC0-301F-11D3-BF4B-00C04F79EFBC}") = "1.4.1.Domain.Core", "1.4.1 Domain.Core\1.4.1.Domain.Core.csproj", "{A442EBFA-C497-4603-8631-6C38B6842223}"
EndProject
Project("{FAE04EC0-301F-11D3-BF4B-00C04F79EFBC}") = "1.4.2.Domain.Entities", "1.4.2 Domain.Entities\1.4.2.Domain.Entities.csproj", "{3656522C-D961-4DCE-96D9-9CB41E6C4C94}"
EndProject
Project("{FAE04EC0-301F-11D3-BF4B-00C04F79EFBC}") = "1.4.3.Domain.Modulos", "1.4.3 Domain.PublicSiteModule\1.4.3.Domain.Modulos.csproj", "{41583196-20B8-4B34-B0C3-3D463DC8DBF6}"
EndProject
Project("{FAE04EC0-301F-11D3-BF4B-00C04F79EFBC}") = "1.3.1.Application.Core", "1.3.1 Application.Core\1.3.1.Application.Core.csproj", "{4D8704F3-D4AC-48FA-AD25-DBA7D4553748}"
EndProject
Project("{FAE04EC0-301F-11D3-BF4B-00C04F79EFBC}") = "1.3.2.Application.Dto", "1.3.2 Application.Dto\1.3.2.Application.Dto.csproj", "{D657A5C5-4EAE-45DD-9F80-03A035F429B9}"
EndProject
Project("{FAE04EC0-301F-11D3-BF4B-00C04F79EFBC}") = "1.3.3.Application.Interfaces", "1.3.3 Application.Interfaces\1.3.3.Application.Interfaces.csproj", "{426F1D14-DFFA-4715-8D27-18F2AD6EA0B5}"
EndProject
Project("{FAE04EC0-301F-11D3-BF4B-00C04F79EFBC}") = "1.3.4.Application.Implementations", "1.3.4 Application.Implementations\1.3.4.Application.Implementations.csproj", "{F218AE66-BA25-41BF-9803-B6113840843C}"
EndProject
Project("{FAE04EC0-301F-11D3-BF4B-00C04F79EFBC}") = "1.2.1.DistributedServices.Core", "1.2.1 DistributedServices.Core\1.2.1.DistributedServices.Core.csproj", "{1AF920E2-127D-426F-898B-DB30277CEA3F}"
EndProject
Project("{FAE04EC0-301F-11D3-BF4B-00C04F79EFBC}") = "1.2.2.DistributedServices.Interfaces", "1.2.2. DistributedServices.Interfaces\1.2.2.DistributedServices.Interfaces.csproj", "{41C1836B-6B40-45CA-A081-C10D725FBD3D}"
EndProject
Project("{FAE04EC0-301F-11D3-BF4B-00C04F79EFBC}") = "1.2.3.DistributedServices.Implementations", "1.2.3 DistributedServices.Implementations\1.2.3.DistributedServices.Implementations.csproj", "{31E0690E-0F95-4533-8B67-E52AA46FC255}"
EndProject
Project("{FAE04EC0-301F-11D3-BF4B-00C04F79EFBC}") = "1.2.4.DistributedServices.Host", "1.2.4 DistributedServices.Host\1.2.4.DistributedServices.Host.csproj", "{B3C49BD2-72AE-48DC-B018-C09D7417AF0B}"
EndProject
Project("{FAE04EC0-301F-11D3-BF4B-00C04F79EFBC}") = "1.1.1 Presentation.ServiceAgents", "1.1.1.Presentation.ServiceAgents\1.1.1 Presentation.ServiceAgents.csproj", "{5EBA4EBA-6EBE-4A68-B9E9-ED26548A45DE}"
	ProjectSection(ProjectDependencies) = postProject
		{B3C49BD2-72AE-48DC-B018-C09D7417AF0B} = {B3C49BD2-72AE-48DC-B018-C09D7417AF0B}
	EndProjectSection
EndProject
Project("{FAE04EC0-301F-11D3-BF4B-00C04F79EFBC}") = "1.5.2.Infrastructure.Data", "1.5.2 Infrastructure.Data\1.5.2.Infrastructure.Data.csproj", "{1EB364AF-2DA1-4114-8715-8EF56A40119F}"
EndProject
Project("{FAE04EC0-301F-11D3-BF4B-00C04F79EFBC}") = "1.6.2.CrossCutting.Strings", "1.6.2.CrossCutting.Strings\1.6.2.CrossCutting.Strings.csproj", "{B862EA8C-D377-4B8F-9CDD-760DC09BD75A}"
EndProject
Project("{9A19103F-16F7-4668-BE54-9A1E7A4F7556}") = "1.1.3 Presentation.Web.CMS", "1.1.3 Presentation.Web.CentroControl\1.1.3 Presentation.Web.CMS.csproj", "{AD5FD7C4-48DF-4418-8873-A175252BDACE}"
EndProject
Global
	GlobalSection(SolutionConfigurationPlatforms) = preSolution
		Debug|Any CPU = Debug|Any CPU
		Debug|x64 = Debug|x64
		Release|Any CPU = Release|Any CPU
		Release|x64 = Release|x64
	EndGlobalSection
	GlobalSection(ProjectConfigurationPlatforms) = postSolution
		{42D68F6A-0A73-4861-99DC-5EA4C742DC00}.Debug|Any CPU.ActiveCfg = Debug|Any CPU
		{42D68F6A-0A73-4861-99DC-5EA4C742DC00}.Debug|Any CPU.Build.0 = Debug|Any CPU
		{42D68F6A-0A73-4861-99DC-5EA4C742DC00}.Debug|x64.ActiveCfg = Debug|x64
		{42D68F6A-0A73-4861-99DC-5EA4C742DC00}.Debug|x64.Build.0 = Debug|x64
		{42D68F6A-0A73-4861-99DC-5EA4C742DC00}.Release|Any CPU.ActiveCfg = Release|Any CPU
		{42D68F6A-0A73-4861-99DC-5EA4C742DC00}.Release|Any CPU.Build.0 = Release|Any CPU
		{42D68F6A-0A73-4861-99DC-5EA4C742DC00}.Release|x64.ActiveCfg = Release|x64
		{42D68F6A-0A73-4861-99DC-5EA4C742DC00}.Release|x64.Build.0 = Release|x64
		{930943D2-C164-45E5-A3E7-E96B488AD9E8}.Debug|Any CPU.ActiveCfg = Debug|Any CPU
		{930943D2-C164-45E5-A3E7-E96B488AD9E8}.Debug|Any CPU.Build.0 = Debug|Any CPU
		{930943D2-C164-45E5-A3E7-E96B488AD9E8}.Debug|x64.ActiveCfg = Debug|x64
		{930943D2-C164-45E5-A3E7-E96B488AD9E8}.Debug|x64.Build.0 = Debug|x64
		{930943D2-C164-45E5-A3E7-E96B488AD9E8}.Release|Any CPU.ActiveCfg = Release|Any CPU
		{930943D2-C164-45E5-A3E7-E96B488AD9E8}.Release|Any CPU.Build.0 = Release|Any CPU
		{930943D2-C164-45E5-A3E7-E96B488AD9E8}.Release|x64.ActiveCfg = Release|x64
		{930943D2-C164-45E5-A3E7-E96B488AD9E8}.Release|x64.Build.0 = Release|x64
		{BBE0857E-9BBD-4F85-92EA-4492583CC098}.Debug|Any CPU.ActiveCfg = Debug|Any CPU
		{BBE0857E-9BBD-4F85-92EA-4492583CC098}.Debug|Any CPU.Build.0 = Debug|Any CPU
		{BBE0857E-9BBD-4F85-92EA-4492583CC098}.Debug|x64.ActiveCfg = Debug|x64
		{BBE0857E-9BBD-4F85-92EA-4492583CC098}.Debug|x64.Build.0 = Debug|x64
		{BBE0857E-9BBD-4F85-92EA-4492583CC098}.Release|Any CPU.ActiveCfg = Release|Any CPU
		{BBE0857E-9BBD-4F85-92EA-4492583CC098}.Release|Any CPU.Build.0 = Release|Any CPU
		{BBE0857E-9BBD-4F85-92EA-4492583CC098}.Release|x64.ActiveCfg = Release|x64
		{BBE0857E-9BBD-4F85-92EA-4492583CC098}.Release|x64.Build.0 = Release|x64
		{A442EBFA-C497-4603-8631-6C38B6842223}.Debug|Any CPU.ActiveCfg = Debug|Any CPU
		{A442EBFA-C497-4603-8631-6C38B6842223}.Debug|Any CPU.Build.0 = Debug|Any CPU
		{A442EBFA-C497-4603-8631-6C38B6842223}.Debug|x64.ActiveCfg = Debug|x64
		{A442EBFA-C497-4603-8631-6C38B6842223}.Debug|x64.Build.0 = Debug|x64
		{A442EBFA-C497-4603-8631-6C38B6842223}.Release|Any CPU.ActiveCfg = Release|Any CPU
		{A442EBFA-C497-4603-8631-6C38B6842223}.Release|Any CPU.Build.0 = Release|Any CPU
		{A442EBFA-C497-4603-8631-6C38B6842223}.Release|x64.ActiveCfg = Release|x64
		{A442EBFA-C497-4603-8631-6C38B6842223}.Release|x64.Build.0 = Release|x64
		{3656522C-D961-4DCE-96D9-9CB41E6C4C94}.Debug|Any CPU.ActiveCfg = Debug|Any CPU
		{3656522C-D961-4DCE-96D9-9CB41E6C4C94}.Debug|Any CPU.Build.0 = Debug|Any CPU
		{3656522C-D961-4DCE-96D9-9CB41E6C4C94}.Debug|x64.ActiveCfg = Debug|x64
		{3656522C-D961-4DCE-96D9-9CB41E6C4C94}.Debug|x64.Build.0 = Debug|x64
		{3656522C-D961-4DCE-96D9-9CB41E6C4C94}.Release|Any CPU.ActiveCfg = Release|Any CPU
		{3656522C-D961-4DCE-96D9-9CB41E6C4C94}.Release|Any CPU.Build.0 = Release|Any CPU
		{3656522C-D961-4DCE-96D9-9CB41E6C4C94}.Release|x64.ActiveCfg = Release|x64
		{3656522C-D961-4DCE-96D9-9CB41E6C4C94}.Release|x64.Build.0 = Release|x64
		{41583196-20B8-4B34-B0C3-3D463DC8DBF6}.Debug|Any CPU.ActiveCfg = Debug|Any CPU
		{41583196-20B8-4B34-B0C3-3D463DC8DBF6}.Debug|Any CPU.Build.0 = Debug|Any CPU
		{41583196-20B8-4B34-B0C3-3D463DC8DBF6}.Debug|x64.ActiveCfg = Debug|x64
		{41583196-20B8-4B34-B0C3-3D463DC8DBF6}.Debug|x64.Build.0 = Debug|x64
		{41583196-20B8-4B34-B0C3-3D463DC8DBF6}.Release|Any CPU.ActiveCfg = Release|Any CPU
		{41583196-20B8-4B34-B0C3-3D463DC8DBF6}.Release|Any CPU.Build.0 = Release|Any CPU
		{41583196-20B8-4B34-B0C3-3D463DC8DBF6}.Release|x64.ActiveCfg = Release|x64
		{41583196-20B8-4B34-B0C3-3D463DC8DBF6}.Release|x64.Build.0 = Release|x64
		{4D8704F3-D4AC-48FA-AD25-DBA7D4553748}.Debug|Any CPU.ActiveCfg = Debug|Any CPU
		{4D8704F3-D4AC-48FA-AD25-DBA7D4553748}.Debug|Any CPU.Build.0 = Debug|Any CPU
		{4D8704F3-D4AC-48FA-AD25-DBA7D4553748}.Debug|x64.ActiveCfg = Debug|x64
		{4D8704F3-D4AC-48FA-AD25-DBA7D4553748}.Debug|x64.Build.0 = Debug|x64
		{4D8704F3-D4AC-48FA-AD25-DBA7D4553748}.Release|Any CPU.ActiveCfg = Release|Any CPU
		{4D8704F3-D4AC-48FA-AD25-DBA7D4553748}.Release|Any CPU.Build.0 = Release|Any CPU
		{4D8704F3-D4AC-48FA-AD25-DBA7D4553748}.Release|x64.ActiveCfg = Release|x64
		{4D8704F3-D4AC-48FA-AD25-DBA7D4553748}.Release|x64.Build.0 = Release|x64
		{D657A5C5-4EAE-45DD-9F80-03A035F429B9}.Debug|Any CPU.ActiveCfg = Debug|Any CPU
		{D657A5C5-4EAE-45DD-9F80-03A035F429B9}.Debug|Any CPU.Build.0 = Debug|Any CPU
		{D657A5C5-4EAE-45DD-9F80-03A035F429B9}.Debug|x64.ActiveCfg = Debug|x64
		{D657A5C5-4EAE-45DD-9F80-03A035F429B9}.Debug|x64.Build.0 = Debug|x64
		{D657A5C5-4EAE-45DD-9F80-03A035F429B9}.Release|Any CPU.ActiveCfg = Release|Any CPU
		{D657A5C5-4EAE-45DD-9F80-03A035F429B9}.Release|Any CPU.Build.0 = Release|Any CPU
		{D657A5C5-4EAE-45DD-9F80-03A035F429B9}.Release|x64.ActiveCfg = Release|x64
		{D657A5C5-4EAE-45DD-9F80-03A035F429B9}.Release|x64.Build.0 = Release|x64
		{426F1D14-DFFA-4715-8D27-18F2AD6EA0B5}.Debug|Any CPU.ActiveCfg = Debug|Any CPU
		{426F1D14-DFFA-4715-8D27-18F2AD6EA0B5}.Debug|Any CPU.Build.0 = Debug|Any CPU
		{426F1D14-DFFA-4715-8D27-18F2AD6EA0B5}.Debug|x64.ActiveCfg = Debug|x64
		{426F1D14-DFFA-4715-8D27-18F2AD6EA0B5}.Debug|x64.Build.0 = Debug|x64
		{426F1D14-DFFA-4715-8D27-18F2AD6EA0B5}.Release|Any CPU.ActiveCfg = Release|Any CPU
		{426F1D14-DFFA-4715-8D27-18F2AD6EA0B5}.Release|Any CPU.Build.0 = Release|Any CPU
		{426F1D14-DFFA-4715-8D27-18F2AD6EA0B5}.Release|x64.ActiveCfg = Release|x64
		{426F1D14-DFFA-4715-8D27-18F2AD6EA0B5}.Release|x64.Build.0 = Release|x64
		{F218AE66-BA25-41BF-9803-B6113840843C}.Debug|Any CPU.ActiveCfg = Debug|Any CPU
		{F218AE66-BA25-41BF-9803-B6113840843C}.Debug|Any CPU.Build.0 = Debug|Any CPU
		{F218AE66-BA25-41BF-9803-B6113840843C}.Debug|x64.ActiveCfg = Debug|x64
		{F218AE66-BA25-41BF-9803-B6113840843C}.Debug|x64.Build.0 = Debug|x64
		{F218AE66-BA25-41BF-9803-B6113840843C}.Release|Any CPU.ActiveCfg = Release|Any CPU
		{F218AE66-BA25-41BF-9803-B6113840843C}.Release|Any CPU.Build.0 = Release|Any CPU
		{F218AE66-BA25-41BF-9803-B6113840843C}.Release|x64.ActiveCfg = Release|x64
		{F218AE66-BA25-41BF-9803-B6113840843C}.Release|x64.Build.0 = Release|x64
		{1AF920E2-127D-426F-898B-DB30277CEA3F}.Debug|Any CPU.ActiveCfg = Debug|Any CPU
		{1AF920E2-127D-426F-898B-DB30277CEA3F}.Debug|Any CPU.Build.0 = Debug|Any CPU
		{1AF920E2-127D-426F-898B-DB30277CEA3F}.Debug|x64.ActiveCfg = Debug|x64
		{1AF920E2-127D-426F-898B-DB30277CEA3F}.Debug|x64.Build.0 = Debug|x64
		{1AF920E2-127D-426F-898B-DB30277CEA3F}.Release|Any CPU.ActiveCfg = Release|Any CPU
		{1AF920E2-127D-426F-898B-DB30277CEA3F}.Release|Any CPU.Build.0 = Release|Any CPU
		{1AF920E2-127D-426F-898B-DB30277CEA3F}.Release|x64.ActiveCfg = Release|x64
		{1AF920E2-127D-426F-898B-DB30277CEA3F}.Release|x64.Build.0 = Release|x64
		{41C1836B-6B40-45CA-A081-C10D725FBD3D}.Debug|Any CPU.ActiveCfg = Debug|Any CPU
		{41C1836B-6B40-45CA-A081-C10D725FBD3D}.Debug|Any CPU.Build.0 = Debug|Any CPU
		{41C1836B-6B40-45CA-A081-C10D725FBD3D}.Debug|x64.ActiveCfg = Debug|x64
		{41C1836B-6B40-45CA-A081-C10D725FBD3D}.Debug|x64.Build.0 = Debug|x64
		{41C1836B-6B40-45CA-A081-C10D725FBD3D}.Release|Any CPU.ActiveCfg = Release|Any CPU
		{41C1836B-6B40-45CA-A081-C10D725FBD3D}.Release|Any CPU.Build.0 = Release|Any CPU
		{41C1836B-6B40-45CA-A081-C10D725FBD3D}.Release|x64.ActiveCfg = Release|x64
		{41C1836B-6B40-45CA-A081-C10D725FBD3D}.Release|x64.Build.0 = Release|x64
		{31E0690E-0F95-4533-8B67-E52AA46FC255}.Debug|Any CPU.ActiveCfg = Debug|Any CPU
		{31E0690E-0F95-4533-8B67-E52AA46FC255}.Debug|Any CPU.Build.0 = Debug|Any CPU
		{31E0690E-0F95-4533-8B67-E52AA46FC255}.Debug|x64.ActiveCfg = Debug|x64
		{31E0690E-0F95-4533-8B67-E52AA46FC255}.Debug|x64.Build.0 = Debug|x64
		{31E0690E-0F95-4533-8B67-E52AA46FC255}.Release|Any CPU.ActiveCfg = Release|Any CPU
		{31E0690E-0F95-4533-8B67-E52AA46FC255}.Release|Any CPU.Build.0 = Release|Any CPU
		{31E0690E-0F95-4533-8B67-E52AA46FC255}.Release|x64.ActiveCfg = Release|x64
		{31E0690E-0F95-4533-8B67-E52AA46FC255}.Release|x64.Build.0 = Release|x64
		{B3C49BD2-72AE-48DC-B018-C09D7417AF0B}.Debug|Any CPU.ActiveCfg = Debug|Any CPU
		{B3C49BD2-72AE-48DC-B018-C09D7417AF0B}.Debug|Any CPU.Build.0 = Debug|Any CPU
		{B3C49BD2-72AE-48DC-B018-C09D7417AF0B}.Debug|x64.ActiveCfg = Debug|x64
		{B3C49BD2-72AE-48DC-B018-C09D7417AF0B}.Debug|x64.Build.0 = Debug|x64
		{B3C49BD2-72AE-48DC-B018-C09D7417AF0B}.Release|Any CPU.ActiveCfg = Release|Any CPU
		{B3C49BD2-72AE-48DC-B018-C09D7417AF0B}.Release|Any CPU.Build.0 = Release|Any CPU
		{B3C49BD2-72AE-48DC-B018-C09D7417AF0B}.Release|x64.ActiveCfg = Release|x64
		{B3C49BD2-72AE-48DC-B018-C09D7417AF0B}.Release|x64.Build.0 = Release|x64
		{5EBA4EBA-6EBE-4A68-B9E9-ED26548A45DE}.Debug|Any CPU.ActiveCfg = Debug|Any CPU
		{5EBA4EBA-6EBE-4A68-B9E9-ED26548A45DE}.Debug|Any CPU.Build.0 = Debug|Any CPU
		{5EBA4EBA-6EBE-4A68-B9E9-ED26548A45DE}.Debug|x64.ActiveCfg = Debug|x64
		{5EBA4EBA-6EBE-4A68-B9E9-ED26548A45DE}.Debug|x64.Build.0 = Debug|x64
		{5EBA4EBA-6EBE-4A68-B9E9-ED26548A45DE}.Release|Any CPU.ActiveCfg = Release|Any CPU
		{5EBA4EBA-6EBE-4A68-B9E9-ED26548A45DE}.Release|Any CPU.Build.0 = Release|Any CPU
		{5EBA4EBA-6EBE-4A68-B9E9-ED26548A45DE}.Release|x64.ActiveCfg = Release|x64
		{5EBA4EBA-6EBE-4A68-B9E9-ED26548A45DE}.Release|x64.Build.0 = Release|x64
		{1EB364AF-2DA1-4114-8715-8EF56A40119F}.Debug|Any CPU.ActiveCfg = Debug|Any CPU
		{1EB364AF-2DA1-4114-8715-8EF56A40119F}.Debug|Any CPU.Build.0 = Debug|Any CPU
		{1EB364AF-2DA1-4114-8715-8EF56A40119F}.Debug|x64.ActiveCfg = Debug|x64
		{1EB364AF-2DA1-4114-8715-8EF56A40119F}.Debug|x64.Build.0 = Debug|x64
		{1EB364AF-2DA1-4114-8715-8EF56A40119F}.Release|Any CPU.ActiveCfg = Release|Any CPU
		{1EB364AF-2DA1-4114-8715-8EF56A40119F}.Release|Any CPU.Build.0 = Release|Any CPU
		{1EB364AF-2DA1-4114-8715-8EF56A40119F}.Release|x64.ActiveCfg = Release|x64
		{1EB364AF-2DA1-4114-8715-8EF56A40119F}.Release|x64.Build.0 = Release|x64
		{B862EA8C-D377-4B8F-9CDD-760DC09BD75A}.Debug|Any CPU.ActiveCfg = Debug|Any CPU
		{B862EA8C-D377-4B8F-9CDD-760DC09BD75A}.Debug|Any CPU.Build.0 = Debug|Any CPU
		{B862EA8C-D377-4B8F-9CDD-760DC09BD75A}.Debug|x64.ActiveCfg = Debug|Any CPU
		{B862EA8C-D377-4B8F-9CDD-760DC09BD75A}.Debug|x64.Build.0 = Debug|Any CPU
		{B862EA8C-D377-4B8F-9CDD-760DC09BD75A}.Release|Any CPU.ActiveCfg = Release|Any CPU
		{B862EA8C-D377-4B8F-9CDD-760DC09BD75A}.Release|Any CPU.Build.0 = Release|Any CPU
		{B862EA8C-D377-4B8F-9CDD-760DC09BD75A}.Release|x64.ActiveCfg = Release|Any CPU
		{B862EA8C-D377-4B8F-9CDD-760DC09BD75A}.Release|x64.Build.0 = Release|Any CPU
		{AD5FD7C4-48DF-4418-8873-A175252BDACE}.Debug|Any CPU.ActiveCfg = Debug|Any CPU
		{AD5FD7C4-48DF-4418-8873-A175252BDACE}.Debug|Any CPU.Build.0 = Debug|Any CPU
		{AD5FD7C4-48DF-4418-8873-A175252BDACE}.Debug|x64.ActiveCfg = Debug|Any CPU
		{AD5FD7C4-48DF-4418-8873-A175252BDACE}.Debug|x64.Build.0 = Debug|Any CPU
		{AD5FD7C4-48DF-4418-8873-A175252BDACE}.Release|Any CPU.ActiveCfg = Release|Any CPU
		{AD5FD7C4-48DF-4418-8873-A175252BDACE}.Release|Any CPU.Build.0 = Release|Any CPU
		{AD5FD7C4-48DF-4418-8873-A175252BDACE}.Release|x64.ActiveCfg = Release|Any CPU
		{AD5FD7C4-48DF-4418-8873-A175252BDACE}.Release|x64.Build.0 = Release|Any CPU
	EndGlobalSection
	GlobalSection(SolutionProperties) = preSolution
		HideSolutionNode = FALSE
	EndGlobalSection
	GlobalSection(NestedProjects) = preSolution
		{7C6FC9A3-3AC6-4587-BC6B-31749E2AF3D2} = {DEF42931-D16E-4763-8CE3-DA9D2647BDBE}
		{76ED648C-3E93-433C-8377-708D35329AC2} = {DEF42931-D16E-4763-8CE3-DA9D2647BDBE}
		{27F7F682-A529-42A9-AB81-FC814D02021C} = {DEF42931-D16E-4763-8CE3-DA9D2647BDBE}
		{D719AA29-DADF-4072-992C-0D859D165E10} = {DEF42931-D16E-4763-8CE3-DA9D2647BDBE}
		{13399174-3F1C-4821-AE4D-76BB36BD3CB5} = {DEF42931-D16E-4763-8CE3-DA9D2647BDBE}
		{787F9B6D-38F5-40DE-9A75-E706B62E7544} = {DEF42931-D16E-4763-8CE3-DA9D2647BDBE}
		{42D68F6A-0A73-4861-99DC-5EA4C742DC00} = {787F9B6D-38F5-40DE-9A75-E706B62E7544}
		{930943D2-C164-45E5-A3E7-E96B488AD9E8} = {787F9B6D-38F5-40DE-9A75-E706B62E7544}
		{BBE0857E-9BBD-4F85-92EA-4492583CC098} = {13399174-3F1C-4821-AE4D-76BB36BD3CB5}
		{A442EBFA-C497-4603-8631-6C38B6842223} = {D719AA29-DADF-4072-992C-0D859D165E10}
		{3656522C-D961-4DCE-96D9-9CB41E6C4C94} = {D719AA29-DADF-4072-992C-0D859D165E10}
		{41583196-20B8-4B34-B0C3-3D463DC8DBF6} = {D719AA29-DADF-4072-992C-0D859D165E10}
		{4D8704F3-D4AC-48FA-AD25-DBA7D4553748} = {27F7F682-A529-42A9-AB81-FC814D02021C}
		{D657A5C5-4EAE-45DD-9F80-03A035F429B9} = {27F7F682-A529-42A9-AB81-FC814D02021C}
		{426F1D14-DFFA-4715-8D27-18F2AD6EA0B5} = {27F7F682-A529-42A9-AB81-FC814D02021C}
		{F218AE66-BA25-41BF-9803-B6113840843C} = {27F7F682-A529-42A9-AB81-FC814D02021C}
		{1AF920E2-127D-426F-898B-DB30277CEA3F} = {76ED648C-3E93-433C-8377-708D35329AC2}
		{41C1836B-6B40-45CA-A081-C10D725FBD3D} = {76ED648C-3E93-433C-8377-708D35329AC2}
		{31E0690E-0F95-4533-8B67-E52AA46FC255} = {76ED648C-3E93-433C-8377-708D35329AC2}
		{B3C49BD2-72AE-48DC-B018-C09D7417AF0B} = {76ED648C-3E93-433C-8377-708D35329AC2}
		{5EBA4EBA-6EBE-4A68-B9E9-ED26548A45DE} = {7C6FC9A3-3AC6-4587-BC6B-31749E2AF3D2}
		{1EB364AF-2DA1-4114-8715-8EF56A40119F} = {13399174-3F1C-4821-AE4D-76BB36BD3CB5}
		{B862EA8C-D377-4B8F-9CDD-760DC09BD75A} = {787F9B6D-38F5-40DE-9A75-E706B62E7544}
		{AD5FD7C4-48DF-4418-8873-A175252BDACE} = {7C6FC9A3-3AC6-4587-BC6B-31749E2AF3D2}
	EndGlobalSection
	GlobalSection(ExtensibilityGlobals) = postSolution
		SolutionGuid = {5E8B3487-C9DA-4E75-AFA5-786C0E587B44}
	EndGlobalSection
EndGlobal
